
Microsoft Visual Studio Solution File, Format Version 12.00
# Visual Studio Version 17
VisualStudioVersion = 17.3.32929.385
MinimumVisualStudioVersion = 10.0.40219.1
Project("{FAE04EC0-301F-11D3-BF4B-00C04F79EFBC}") = "1stProject", "1stProject\1stProject.csproj", "{1C7365B5-8B9F-4067-ACB5-DFC523A6793E}"
EndProject
Global
	GlobalSection(SolutionConfigurationPlatforms) = preSolution
		Debug|Any CPU = Debug|Any CPU
		Release|Any CPU = Release|Any CPU
	EndGlobalSection
	GlobalSection(ProjectConfigurationPlatforms) = postSolution
		{1C7365B5-8B9F-4067-ACB5-DFC523A6793E}.Debug|Any CPU.ActiveCfg = Debug|Any CPU
		{1C7365B5-8B9F-4067-ACB5-DFC523A6793E}.Debug|Any CPU.Build.0 = Debug|Any CPU
		{1C7365B5-8B9F-4067-ACB5-DFC523A6793E}.Release|Any CPU.ActiveCfg = Release|Any CPU
		{1C7365B5-8B9F-4067-ACB5-DFC523A6793E}.Release|Any CPU.Build.0 = Release|Any CPU
	EndGlobalSection
	GlobalSection(SolutionProperties) = preSolution
		HideSolutionNode = FALSE
	EndGlobalSection
	GlobalSection(ExtensibilityGlobals) = postSolution
		SolutionGuid = {91E054FC-B42A-42EE-ADC1-40F58F4E32FF}
	EndGlobalSection
EndGlobal
